// !$*UTF8*$!
{
	archiveVersion = 1;
	classes = {
	};
	objectVersion = 50;
	objects = {

/* Begin PBXBuildFile section */
		E790F8E62480575700D56389 /* MathTerm.swift in Sources */ = {isa = PBXBuildFile; fileRef = E790F8E52480575700D56389 /* MathTerm.swift */; };
		F23D41BD248F25CA00A7BD91 /* LatexFormatter.swift in Sources */ = {isa = PBXBuildFile; fileRef = F23D41BC248F25CA00A7BD91 /* LatexFormatter.swift */; };
		F23D41C2248F2A8C00A7BD91 /* GeneratorHelper.swift in Sources */ = {isa = PBXBuildFile; fileRef = F23D41C1248F2A8C00A7BD91 /* GeneratorHelper.swift */; };
		F23D41C4248F370D00A7BD91 /* Double+Extension.swift in Sources */ = {isa = PBXBuildFile; fileRef = F23D41C3248F370D00A7BD91 /* Double+Extension.swift */; };
		F28A006A24A1928A008181F4 /* LatexFormatterTests.swift in Sources */ = {isa = PBXBuildFile; fileRef = F28A006924A1928A008181F4 /* LatexFormatterTests.swift */; };
		F2ABF136247F4DD100819E5F /* SimpleMathGenerator.swift in Sources */ = {isa = PBXBuildFile; fileRef = F2ABF135247F4DD100819E5F /* SimpleMathGenerator.swift */; };
		F2ABF13D247F4E8E00819E5F /* MathConfig.swift in Sources */ = {isa = PBXBuildFile; fileRef = F2ABF13C247F4E8E00819E5F /* MathConfig.swift */; };
		F2ABF141247F4F7400819E5F /* MathGenerator.swift in Sources */ = {isa = PBXBuildFile; fileRef = F2ABF140247F4F7400819E5F /* MathGenerator.swift */; };
		F2ABF143247F4FFB00819E5F /* MathExpression.swift in Sources */ = {isa = PBXBuildFile; fileRef = F2ABF142247F4FFB00819E5F /* MathExpression.swift */; };
		F2ABF146247F533400819E5F /* MathOperation.swift in Sources */ = {isa = PBXBuildFile; fileRef = F2ABF145247F533400819E5F /* MathOperation.swift */; };
		F2ABF148247F625700819E5F /* MathElement.swift in Sources */ = {isa = PBXBuildFile; fileRef = F2ABF147247F625700819E5F /* MathElement.swift */; };
		F2ABF153247F6A6E00819E5F /* StaticProblemsTests.swift in Sources */ = {isa = PBXBuildFile; fileRef = F2ABF152247F6A6E00819E5F /* StaticProblemsTests.swift */; };
		F2ABF155247F6A6E00819E5F /* libSwiftMathGenerator.a in Frameworks */ = {isa = PBXBuildFile; fileRef = F2ABF132247F4DD100819E5F /* libSwiftMathGenerator.a */; };
		F2ABF15B247F6A7200819E5F /* MathGeneratorTests.swift in Sources */ = {isa = PBXBuildFile; fileRef = F2ABF14A247F68FD00819E5F /* MathGeneratorTests.swift */; };
		F2ABF15E24848CC800819E5F /* MathFormatter.swift in Sources */ = {isa = PBXBuildFile; fileRef = F2ABF15D24848CC800819E5F /* MathFormatter.swift */; };
		F2ABF16024848DBE00819E5F /* MathProblem.swift in Sources */ = {isa = PBXBuildFile; fileRef = F2ABF15F24848DBE00819E5F /* MathProblem.swift */; };
		F2ABF16224848ED100819E5F /* ResultSymbol.swift in Sources */ = {isa = PBXBuildFile; fileRef = F2ABF16124848ED100819E5F /* ResultSymbol.swift */; };
		F2ABF1672484A58600819E5F /* MathProblemType.swift in Sources */ = {isa = PBXBuildFile; fileRef = F2ABF1662484A58600819E5F /* MathProblemType.swift */; };
		F2DC2C42249843CA003E81B3 /* MathConstant.swift in Sources */ = {isa = PBXBuildFile; fileRef = F2DC2C41249843CA003E81B3 /* MathConstant.swift */; };
/* End PBXBuildFile section */

/* Begin PBXContainerItemProxy section */
		F2ABF156247F6A6E00819E5F /* PBXContainerItemProxy */ = {
			isa = PBXContainerItemProxy;
			containerPortal = F2ABF12A247F4DD100819E5F /* Project object */;
			proxyType = 1;
			remoteGlobalIDString = F2ABF131247F4DD100819E5F;
			remoteInfo = mathGenerator;
		};
/* End PBXContainerItemProxy section */

/* Begin PBXCopyFilesBuildPhase section */
		F2ABF130247F4DD100819E5F /* CopyFiles */ = {
			isa = PBXCopyFilesBuildPhase;
			buildActionMask = 2147483647;
			dstPath = "include/$(PRODUCT_NAME)";
			dstSubfolderSpec = 16;
			files = (
			);
			runOnlyForDeploymentPostprocessing = 0;
		};
/* End PBXCopyFilesBuildPhase section */

/* Begin PBXFileReference section */
		8293E07F9805C0EFB1DFB13E /* .gitignore */ = {isa = PBXFileReference; lastKnownFileType = file.gitignore; path = .gitignore; sourceTree = "<group>"; };
		E790F8E52480575700D56389 /* MathTerm.swift */ = {isa = PBXFileReference; lastKnownFileType = sourcecode.swift; path = MathTerm.swift; sourceTree = "<group>"; };
		F23D41BC248F25CA00A7BD91 /* LatexFormatter.swift */ = {isa = PBXFileReference; lastKnownFileType = sourcecode.swift; path = LatexFormatter.swift; sourceTree = "<group>"; };
		F23D41C1248F2A8C00A7BD91 /* GeneratorHelper.swift */ = {isa = PBXFileReference; lastKnownFileType = sourcecode.swift; path = GeneratorHelper.swift; sourceTree = "<group>"; };
		F23D41C3248F370D00A7BD91 /* Double+Extension.swift */ = {isa = PBXFileReference; lastKnownFileType = sourcecode.swift; path = "Double+Extension.swift"; sourceTree = "<group>"; };
		F28A006924A1928A008181F4 /* LatexFormatterTests.swift */ = {isa = PBXFileReference; lastKnownFileType = sourcecode.swift; path = LatexFormatterTests.swift; sourceTree = "<group>"; };
		F2ABF132247F4DD100819E5F /* libSwiftMathGenerator.a */ = {isa = PBXFileReference; explicitFileType = archive.ar; includeInIndex = 0; path = libSwiftMathGenerator.a; sourceTree = BUILT_PRODUCTS_DIR; };
		F2ABF135247F4DD100819E5F /* SimpleMathGenerator.swift */ = {isa = PBXFileReference; lastKnownFileType = sourcecode.swift; path = SimpleMathGenerator.swift; sourceTree = "<group>"; };
		F2ABF13C247F4E8E00819E5F /* MathConfig.swift */ = {isa = PBXFileReference; lastKnownFileType = sourcecode.swift; path = MathConfig.swift; sourceTree = "<group>"; };
		F2ABF140247F4F7400819E5F /* MathGenerator.swift */ = {isa = PBXFileReference; lastKnownFileType = sourcecode.swift; path = MathGenerator.swift; sourceTree = "<group>"; };
		F2ABF142247F4FFB00819E5F /* MathExpression.swift */ = {isa = PBXFileReference; lastKnownFileType = sourcecode.swift; path = MathExpression.swift; sourceTree = "<group>"; };
		F2ABF145247F533400819E5F /* MathOperation.swift */ = {isa = PBXFileReference; lastKnownFileType = sourcecode.swift; path = MathOperation.swift; sourceTree = "<group>"; };
		F2ABF147247F625700819E5F /* MathElement.swift */ = {isa = PBXFileReference; lastKnownFileType = sourcecode.swift; path = MathElement.swift; sourceTree = "<group>"; };
		F2ABF14A247F68FD00819E5F /* MathGeneratorTests.swift */ = {isa = PBXFileReference; lastKnownFileType = sourcecode.swift; path = MathGeneratorTests.swift; sourceTree = "<group>"; };
		F2ABF150247F6A6E00819E5F /* Tests.xctest */ = {isa = PBXFileReference; explicitFileType = wrapper.cfbundle; includeInIndex = 0; path = Tests.xctest; sourceTree = BUILT_PRODUCTS_DIR; };
		F2ABF152247F6A6E00819E5F /* StaticProblemsTests.swift */ = {isa = PBXFileReference; lastKnownFileType = sourcecode.swift; path = StaticProblemsTests.swift; sourceTree = "<group>"; };
		F2ABF154247F6A6E00819E5F /* Info.plist */ = {isa = PBXFileReference; lastKnownFileType = text.plist.xml; path = Info.plist; sourceTree = "<group>"; };
		F2ABF15D24848CC800819E5F /* MathFormatter.swift */ = {isa = PBXFileReference; lastKnownFileType = sourcecode.swift; path = MathFormatter.swift; sourceTree = "<group>"; };
		F2ABF15F24848DBE00819E5F /* MathProblem.swift */ = {isa = PBXFileReference; lastKnownFileType = sourcecode.swift; path = MathProblem.swift; sourceTree = "<group>"; };
		F2ABF16124848ED100819E5F /* ResultSymbol.swift */ = {isa = PBXFileReference; lastKnownFileType = sourcecode.swift; path = ResultSymbol.swift; sourceTree = "<group>"; };
		F2ABF1662484A58600819E5F /* MathProblemType.swift */ = {isa = PBXFileReference; lastKnownFileType = sourcecode.swift; path = MathProblemType.swift; sourceTree = "<group>"; };
		F2DC2C41249843CA003E81B3 /* MathConstant.swift */ = {isa = PBXFileReference; lastKnownFileType = sourcecode.swift; path = MathConstant.swift; sourceTree = "<group>"; };
/* End PBXFileReference section */

/* Begin PBXFrameworksBuildPhase section */
		F2ABF12F247F4DD100819E5F /* Frameworks */ = {
			isa = PBXFrameworksBuildPhase;
			buildActionMask = 2147483647;
			files = (
			);
			runOnlyForDeploymentPostprocessing = 0;
		};
		F2ABF14D247F6A6E00819E5F /* Frameworks */ = {
			isa = PBXFrameworksBuildPhase;
			buildActionMask = 2147483647;
			files = (
				F2ABF155247F6A6E00819E5F /* libSwiftMathGenerator.a in Frameworks */,
			);
			runOnlyForDeploymentPostprocessing = 0;
		};
/* End PBXFrameworksBuildPhase section */

/* Begin PBXGroup section */
		F23D41BE248F29D700A7BD91 /* formatters */ = {
			isa = PBXGroup;
			children = (
				F23D41BC248F25CA00A7BD91 /* LatexFormatter.swift */,
			);
			path = formatters;
			sourceTree = "<group>";
		};
		F23D41BF248F29EE00A7BD91 /* generators */ = {
			isa = PBXGroup;
			children = (
				F2ABF135247F4DD100819E5F /* SimpleMathGenerator.swift */,
			);
			path = generators;
			sourceTree = "<group>";
		};
		F23D41C0248F2A6500A7BD91 /* helpers */ = {
			isa = PBXGroup;
			children = (
				F23D41C1248F2A8C00A7BD91 /* GeneratorHelper.swift */,
				F23D41C3248F370D00A7BD91 /* Double+Extension.swift */,
			);
			path = helpers;
			sourceTree = "<group>";
		};
		F2ABF129247F4DD100819E5F = {
			isa = PBXGroup;
			children = (
				F2D593142490709F003D908F /* Documentation */,
				F2ABF134247F4DD100819E5F /* SwiftMathGenerator */,
				F2ABF151247F6A6E00819E5F /* Tests */,
				F2ABF133247F4DD100819E5F /* Products */,
				8293E07F9805C0EFB1DFB13E /* .gitignore */,
			);
			sourceTree = "<group>";
			usesTabs = 0;
		};
		F2ABF133247F4DD100819E5F /* Products */ = {
			isa = PBXGroup;
			children = (
				F2ABF132247F4DD100819E5F /* libSwiftMathGenerator.a */,
				F2ABF150247F6A6E00819E5F /* Tests.xctest */,
			);
			name = Products;
			sourceTree = "<group>";
		};
		F2ABF134247F4DD100819E5F /* SwiftMathGenerator */ = {
			isa = PBXGroup;
			children = (
				F2ABF144247F532700819E5F /* enum */,
				F2ABF13F247F4F5400819E5F /* config */,
				F2ABF13E247F4F4900819E5F /* api */,
				F23D41BE248F29D700A7BD91 /* formatters */,
				F23D41BF248F29EE00A7BD91 /* generators */,
				F23D41C0248F2A6500A7BD91 /* helpers */,
				F2ABF15F24848DBE00819E5F /* MathProblem.swift */,
				F2ABF142247F4FFB00819E5F /* MathExpression.swift */,
				E790F8E52480575700D56389 /* MathTerm.swift */,
			);
			path = SwiftMathGenerator;
			sourceTree = "<group>";
		};
		F2ABF13E247F4F4900819E5F /* api */ = {
			isa = PBXGroup;
			children = (
				F2ABF140247F4F7400819E5F /* MathGenerator.swift */,
				F2ABF15D24848CC800819E5F /* MathFormatter.swift */,
			);
			path = api;
			sourceTree = "<group>";
		};
		F2ABF13F247F4F5400819E5F /* config */ = {
			isa = PBXGroup;
			children = (
				F2ABF13C247F4E8E00819E5F /* MathConfig.swift */,
			);
			path = config;
			sourceTree = "<group>";
		};
		F2ABF144247F532700819E5F /* enum */ = {
			isa = PBXGroup;
			children = (
				F2ABF145247F533400819E5F /* MathOperation.swift */,
				F2ABF147247F625700819E5F /* MathElement.swift */,
				F2ABF16124848ED100819E5F /* ResultSymbol.swift */,
				F2ABF1662484A58600819E5F /* MathProblemType.swift */,
				F2DC2C41249843CA003E81B3 /* MathConstant.swift */,
			);
			path = enum;
			sourceTree = "<group>";
		};
		F2ABF151247F6A6E00819E5F /* Tests */ = {
			isa = PBXGroup;
			children = (
				F2ABF14A247F68FD00819E5F /* MathGeneratorTests.swift */,
				F2ABF152247F6A6E00819E5F /* StaticProblemsTests.swift */,
				F2ABF154247F6A6E00819E5F /* Info.plist */,
				F28A006924A1928A008181F4 /* LatexFormatterTests.swift */,
			);
			path = Tests;
			sourceTree = "<group>";
		};
		F2D593142490709F003D908F /* Documentation */ = {
			isa = PBXGroup;
			children = (
			);
			path = Documentation;
			sourceTree = "<group>";
		};
/* End PBXGroup section */

/* Begin PBXNativeTarget section */
		F2ABF131247F4DD100819E5F /* SwiftMathGenerator */ = {
			isa = PBXNativeTarget;
			buildConfigurationList = F2ABF139247F4DD100819E5F /* Build configuration list for PBXNativeTarget "SwiftMathGenerator" */;
			buildPhases = (
				F2ABF12E247F4DD100819E5F /* Sources */,
				F2ABF12F247F4DD100819E5F /* Frameworks */,
				F2ABF130247F4DD100819E5F /* CopyFiles */,
			);
			buildRules = (
			);
			dependencies = (
			);
			name = SwiftMathGenerator;
			productName = mathGenerator;
			productReference = F2ABF132247F4DD100819E5F /* libSwiftMathGenerator.a */;
			productType = "com.apple.product-type.library.static";
		};
		F2ABF14F247F6A6E00819E5F /* Tests */ = {
			isa = PBXNativeTarget;
			buildConfigurationList = F2ABF158247F6A6E00819E5F /* Build configuration list for PBXNativeTarget "Tests" */;
			buildPhases = (
				F2ABF14C247F6A6E00819E5F /* Sources */,
				F2ABF14D247F6A6E00819E5F /* Frameworks */,
				F2ABF14E247F6A6E00819E5F /* Resources */,
			);
			buildRules = (
			);
			dependencies = (
				F2ABF157247F6A6E00819E5F /* PBXTargetDependency */,
			);
			name = Tests;
			productName = Tests;
			productReference = F2ABF150247F6A6E00819E5F /* Tests.xctest */;
			productType = "com.apple.product-type.bundle.unit-test";
		};
/* End PBXNativeTarget section */

/* Begin PBXProject section */
		F2ABF12A247F4DD100819E5F /* Project object */ = {
			isa = PBXProject;
			attributes = {
				LastSwiftUpdateCheck = 1150;
				LastUpgradeCheck = 1150;
				ORGANIZATIONNAME = "Martin Watts";
				TargetAttributes = {
					F2ABF131247F4DD100819E5F = {
						CreatedOnToolsVersion = 11.5;
					};
					F2ABF14F247F6A6E00819E5F = {
						CreatedOnToolsVersion = 11.5;
					};
				};
			};
			buildConfigurationList = F2ABF12D247F4DD100819E5F /* Build configuration list for PBXProject "SwiftMathGenerator" */;
			compatibilityVersion = "Xcode 9.3";
			developmentRegion = en;
			hasScannedForEncodings = 0;
			knownRegions = (
				en,
				Base,
			);
			mainGroup = F2ABF129247F4DD100819E5F;
			productRefGroup = F2ABF133247F4DD100819E5F /* Products */;
			projectDirPath = "";
			projectRoot = "";
			targets = (
				F2ABF131247F4DD100819E5F /* SwiftMathGenerator */,
				F2ABF14F247F6A6E00819E5F /* Tests */,
			);
		};
/* End PBXProject section */

/* Begin PBXResourcesBuildPhase section */
		F2ABF14E247F6A6E00819E5F /* Resources */ = {
			isa = PBXResourcesBuildPhase;
			buildActionMask = 2147483647;
			files = (
			);
			runOnlyForDeploymentPostprocessing = 0;
		};
/* End PBXResourcesBuildPhase section */

/* Begin PBXSourcesBuildPhase section */
		F2ABF12E247F4DD100819E5F /* Sources */ = {
			isa = PBXSourcesBuildPhase;
			buildActionMask = 2147483647;
			files = (
				F2ABF141247F4F7400819E5F /* MathGenerator.swift in Sources */,
				F2ABF16024848DBE00819E5F /* MathProblem.swift in Sources */,
				F23D41C4248F370D00A7BD91 /* Double+Extension.swift in Sources */,
				F2ABF136247F4DD100819E5F /* SimpleMathGenerator.swift in Sources */,
				F23D41BD248F25CA00A7BD91 /* LatexFormatter.swift in Sources */,
				F2ABF1672484A58600819E5F /* MathProblemType.swift in Sources */,
				F2ABF148247F625700819E5F /* MathElement.swift in Sources */,
				E790F8E62480575700D56389 /* MathTerm.swift in Sources */,
				F2DC2C42249843CA003E81B3 /* MathConstant.swift in Sources */,
				F2ABF15E24848CC800819E5F /* MathFormatter.swift in Sources */,
				F2ABF146247F533400819E5F /* MathOperation.swift in Sources */,
				F2ABF13D247F4E8E00819E5F /* MathConfig.swift in Sources */,
				F2ABF16224848ED100819E5F /* ResultSymbol.swift in Sources */,
				F2ABF143247F4FFB00819E5F /* MathExpression.swift in Sources */,
				F23D41C2248F2A8C00A7BD91 /* GeneratorHelper.swift in Sources */,
			);
			runOnlyForDeploymentPostprocessing = 0;
		};
		F2ABF14C247F6A6E00819E5F /* Sources */ = {
			isa = PBXSourcesBuildPhase;
			buildActionMask = 2147483647;
			files = (
				F2ABF153247F6A6E00819E5F /* StaticProblemsTests.swift in Sources */,
				F28A006A24A1928A008181F4 /* LatexFormatterTests.swift in Sources */,
				F2ABF15B247F6A7200819E5F /* MathGeneratorTests.swift in Sources */,
			);
			runOnlyForDeploymentPostprocessing = 0;
		};
/* End PBXSourcesBuildPhase section */

/* Begin PBXTargetDependency section */
		F2ABF157247F6A6E00819E5F /* PBXTargetDependency */ = {
			isa = PBXTargetDependency;
			target = F2ABF131247F4DD100819E5F /* SwiftMathGenerator */;
			targetProxy = F2ABF156247F6A6E00819E5F /* PBXContainerItemProxy */;
		};
/* End PBXTargetDependency section */

/* Begin XCBuildConfiguration section */
		F2ABF137247F4DD100819E5F /* Debug */ = {
			isa = XCBuildConfiguration;
			buildSettings = {
				ALWAYS_SEARCH_USER_PATHS = NO;
				CLANG_ANALYZER_NONNULL = YES;
				CLANG_ANALYZER_NUMBER_OBJECT_CONVERSION = YES_AGGRESSIVE;
				CLANG_CXX_LANGUAGE_STANDARD = "gnu++14";
				CLANG_CXX_LIBRARY = "libc++";
				CLANG_ENABLE_MODULES = YES;
				CLANG_ENABLE_OBJC_ARC = YES;
				CLANG_ENABLE_OBJC_WEAK = YES;
				CLANG_WARN_BLOCK_CAPTURE_AUTORELEASING = YES;
				CLANG_WARN_BOOL_CONVERSION = YES;
				CLANG_WARN_COMMA = YES;
				CLANG_WARN_CONSTANT_CONVERSION = YES;
				CLANG_WARN_DEPRECATED_OBJC_IMPLEMENTATIONS = YES;
				CLANG_WARN_DIRECT_OBJC_ISA_USAGE = YES_ERROR;
				CLANG_WARN_DOCUMENTATION_COMMENTS = YES;
				CLANG_WARN_EMPTY_BODY = YES;
				CLANG_WARN_ENUM_CONVERSION = YES;
				CLANG_WARN_INFINITE_RECURSION = YES;
				CLANG_WARN_INT_CONVERSION = YES;
				CLANG_WARN_NON_LITERAL_NULL_CONVERSION = YES;
				CLANG_WARN_OBJC_IMPLICIT_RETAIN_SELF = YES;
				CLANG_WARN_OBJC_LITERAL_CONVERSION = YES;
				CLANG_WARN_OBJC_ROOT_CLASS = YES_ERROR;
				CLANG_WARN_RANGE_LOOP_ANALYSIS = YES;
				CLANG_WARN_STRICT_PROTOTYPES = YES;
				CLANG_WARN_SUSPICIOUS_MOVE = YES;
				CLANG_WARN_UNGUARDED_AVAILABILITY = YES_AGGRESSIVE;
				CLANG_WARN_UNREACHABLE_CODE = YES;
				CLANG_WARN__DUPLICATE_METHOD_MATCH = YES;
				COPY_PHASE_STRIP = NO;
				DEBUG_INFORMATION_FORMAT = dwarf;
				ENABLE_STRICT_OBJC_MSGSEND = YES;
				ENABLE_TESTABILITY = YES;
				GCC_C_LANGUAGE_STANDARD = gnu11;
				GCC_DYNAMIC_NO_PIC = NO;
				GCC_NO_COMMON_BLOCKS = YES;
				GCC_OPTIMIZATION_LEVEL = 0;
				GCC_PREPROCESSOR_DEFINITIONS = (
					"DEBUG=1",
					"$(inherited)",
				);
				GCC_WARN_64_TO_32_BIT_CONVERSION = YES;
				GCC_WARN_ABOUT_RETURN_TYPE = YES_ERROR;
				GCC_WARN_UNDECLARED_SELECTOR = YES;
				GCC_WARN_UNINITIALIZED_AUTOS = YES_AGGRESSIVE;
				GCC_WARN_UNUSED_FUNCTION = YES;
				GCC_WARN_UNUSED_VARIABLE = YES;
				IPHONEOS_DEPLOYMENT_TARGET = 13.5;
				MTL_ENABLE_DEBUG_INFO = INCLUDE_SOURCE;
				MTL_FAST_MATH = YES;
				ONLY_ACTIVE_ARCH = YES;
				SDKROOT = iphoneos;
				SWIFT_ACTIVE_COMPILATION_CONDITIONS = DEBUG;
				SWIFT_OPTIMIZATION_LEVEL = "-Onone";
			};
			name = Debug;
		};
		F2ABF138247F4DD100819E5F /* Release */ = {
			isa = XCBuildConfiguration;
			buildSettings = {
				ALWAYS_SEARCH_USER_PATHS = NO;
				CLANG_ANALYZER_NONNULL = YES;
				CLANG_ANALYZER_NUMBER_OBJECT_CONVERSION = YES_AGGRESSIVE;
				CLANG_CXX_LANGUAGE_STANDARD = "gnu++14";
				CLANG_CXX_LIBRARY = "libc++";
				CLANG_ENABLE_MODULES = YES;
				CLANG_ENABLE_OBJC_ARC = YES;
				CLANG_ENABLE_OBJC_WEAK = YES;
				CLANG_WARN_BLOCK_CAPTURE_AUTORELEASING = YES;
				CLANG_WARN_BOOL_CONVERSION = YES;
				CLANG_WARN_COMMA = YES;
				CLANG_WARN_CONSTANT_CONVERSION = YES;
				CLANG_WARN_DEPRECATED_OBJC_IMPLEMENTATIONS = YES;
				CLANG_WARN_DIRECT_OBJC_ISA_USAGE = YES_ERROR;
				CLANG_WARN_DOCUMENTATION_COMMENTS = YES;
				CLANG_WARN_EMPTY_BODY = YES;
				CLANG_WARN_ENUM_CONVERSION = YES;
				CLANG_WARN_INFINITE_RECURSION = YES;
				CLANG_WARN_INT_CONVERSION = YES;
				CLANG_WARN_NON_LITERAL_NULL_CONVERSION = YES;
				CLANG_WARN_OBJC_IMPLICIT_RETAIN_SELF = YES;
				CLANG_WARN_OBJC_LITERAL_CONVERSION = YES;
				CLANG_WARN_OBJC_ROOT_CLASS = YES_ERROR;
				CLANG_WARN_RANGE_LOOP_ANALYSIS = YES;
				CLANG_WARN_STRICT_PROTOTYPES = YES;
				CLANG_WARN_SUSPICIOUS_MOVE = YES;
				CLANG_WARN_UNGUARDED_AVAILABILITY = YES_AGGRESSIVE;
				CLANG_WARN_UNREACHABLE_CODE = YES;
				CLANG_WARN__DUPLICATE_METHOD_MATCH = YES;
				COPY_PHASE_STRIP = NO;
				DEBUG_INFORMATION_FORMAT = "dwarf-with-dsym";
				ENABLE_NS_ASSERTIONS = NO;
				ENABLE_STRICT_OBJC_MSGSEND = YES;
				GCC_C_LANGUAGE_STANDARD = gnu11;
				GCC_NO_COMMON_BLOCKS = YES;
				GCC_WARN_64_TO_32_BIT_CONVERSION = YES;
				GCC_WARN_ABOUT_RETURN_TYPE = YES_ERROR;
				GCC_WARN_UNDECLARED_SELECTOR = YES;
				GCC_WARN_UNINITIALIZED_AUTOS = YES_AGGRESSIVE;
				GCC_WARN_UNUSED_FUNCTION = YES;
				GCC_WARN_UNUSED_VARIABLE = YES;
				IPHONEOS_DEPLOYMENT_TARGET = 13.5;
				MTL_ENABLE_DEBUG_INFO = NO;
				MTL_FAST_MATH = YES;
				SDKROOT = iphoneos;
				SWIFT_COMPILATION_MODE = wholemodule;
				SWIFT_OPTIMIZATION_LEVEL = "-O";
				VALIDATE_PRODUCT = YES;
			};
			name = Release;
		};
		F2ABF13A247F4DD100819E5F /* Debug */ = {
			isa = XCBuildConfiguration;
			buildSettings = {
				CODE_SIGN_STYLE = Automatic;
				DEVELOPMENT_TEAM = HUY53WF6JP;
				OTHER_LDFLAGS = "-ObjC";
				PRODUCT_NAME = "$(TARGET_NAME)";
				SKIP_INSTALL = YES;
				SWIFT_VERSION = 5.0;
				TARGETED_DEVICE_FAMILY = "1,2";
			};
			name = Debug;
		};
		F2ABF13B247F4DD100819E5F /* Release */ = {
			isa = XCBuildConfiguration;
			buildSettings = {
				CODE_SIGN_STYLE = Automatic;
				DEVELOPMENT_TEAM = HUY53WF6JP;
				OTHER_LDFLAGS = "-ObjC";
				PRODUCT_NAME = "$(TARGET_NAME)";
				SKIP_INSTALL = YES;
				SWIFT_VERSION = 5.0;
				TARGETED_DEVICE_FAMILY = "1,2";
			};
			name = Release;
		};
		F2ABF159247F6A6E00819E5F /* Debug */ = {
			isa = XCBuildConfiguration;
			buildSettings = {
				CODE_SIGN_STYLE = Automatic;
				DEVELOPMENT_TEAM = HUY53WF6JP;
				INFOPLIST_FILE = Tests/Info.plist;
				LD_RUNPATH_SEARCH_PATHS = (
					"$(inherited)",
					"@executable_path/Frameworks",
					"@loader_path/Frameworks",
				);
				PRODUCT_BUNDLE_IDENTIFIER = net.mwatts.Tests;
				PRODUCT_NAME = "$(TARGET_NAME)";
				SWIFT_VERSION = 5.0;
				TARGETED_DEVICE_FAMILY = "1,2";
			};
			name = Debug;
		};
		F2ABF15A247F6A6E00819E5F /* Release */ = {
			isa = XCBuildConfiguration;
			buildSettings = {
				CODE_SIGN_STYLE = Automatic;
				DEVELOPMENT_TEAM = HUY53WF6JP;
				INFOPLIST_FILE = Tests/Info.plist;
				LD_RUNPATH_SEARCH_PATHS = (
					"$(inherited)",
					"@executable_path/Frameworks",
					"@loader_path/Frameworks",
				);
				PRODUCT_BUNDLE_IDENTIFIER = net.mwatts.Tests;
				PRODUCT_NAME = "$(TARGET_NAME)";
				SWIFT_VERSION = 5.0;
				TARGETED_DEVICE_FAMILY = "1,2";
			};
			name = Release;
		};
/* End XCBuildConfiguration section */

/* Begin XCConfigurationList section */
		F2ABF12D247F4DD100819E5F /* Build configuration list for PBXProject "SwiftMathGenerator" */ = {
			isa = XCConfigurationList;
			buildConfigurations = (
				F2ABF137247F4DD100819E5F /* Debug */,
				F2ABF138247F4DD100819E5F /* Release */,
			);
			defaultConfigurationIsVisible = 0;
			defaultConfigurationName = Release;
		};
		F2ABF139247F4DD100819E5F /* Build configuration list for PBXNativeTarget "SwiftMathGenerator" */ = {
			isa = XCConfigurationList;
			buildConfigurations = (
				F2ABF13A247F4DD100819E5F /* Debug */,
				F2ABF13B247F4DD100819E5F /* Release */,
			);
			defaultConfigurationIsVisible = 0;
			defaultConfigurationName = Release;
		};
		F2ABF158247F6A6E00819E5F /* Build configuration list for PBXNativeTarget "Tests" */ = {
			isa = XCConfigurationList;
			buildConfigurations = (
				F2ABF159247F6A6E00819E5F /* Debug */,
				F2ABF15A247F6A6E00819E5F /* Release */,
			);
			defaultConfigurationIsVisible = 0;
			defaultConfigurationName = Release;
		};
/* End XCConfigurationList section */
	};
	rootObject = F2ABF12A247F4DD100819E5F /* Project object */;
}
